// !$*UTF8*$!
{
	archiveVersion = 1;
	classes = {
	};
	objectVersion = 50;
	objects = {

/* Begin PBXBuildFile section */
		4135B02824110EAD004CA31F /* AppDelegate.swift in Sources */ = {isa = PBXBuildFile; fileRef = 4135B02724110EAD004CA31F /* AppDelegate.swift */; };
		4135B02A24110EAD004CA31F /* SceneDelegate.swift in Sources */ = {isa = PBXBuildFile; fileRef = 4135B02924110EAD004CA31F /* SceneDelegate.swift */; };
		4135B02C24110EAD004CA31F /* ViewController.swift in Sources */ = {isa = PBXBuildFile; fileRef = 4135B02B24110EAD004CA31F /* ViewController.swift */; };
		4135B02F24110EAD004CA31F /* Main.storyboard in Resources */ = {isa = PBXBuildFile; fileRef = 4135B02D24110EAD004CA31F /* Main.storyboard */; };
		4135B03124110EB0004CA31F /* Assets.xcassets in Resources */ = {isa = PBXBuildFile; fileRef = 4135B03024110EB0004CA31F /* Assets.xcassets */; };
		4135B03424110EB0004CA31F /* LaunchScreen.storyboard in Resources */ = {isa = PBXBuildFile; fileRef = 4135B03224110EB0004CA31F /* LaunchScreen.storyboard */; };
/* End PBXBuildFile section */

/* Begin PBXFileReference section */
		4135B02424110EAD004CA31F /* FlickrAssemblies.app */ = {isa = PBXFileReference; explicitFileType = wrapper.application; includeInIndex = 0; path = FlickrAssemblies.app; sourceTree = BUILT_PRODUCTS_DIR; };
		4135B02724110EAD004CA31F /* AppDelegate.swift */ = {isa = PBXFileReference; lastKnownFileType = sourcecode.swift; path = AppDelegate.swift; sourceTree = "<group>"; };
		4135B02924110EAD004CA31F /* SceneDelegate.swift */ = {isa = PBXFileReference; lastKnownFileType = sourcecode.swift; path = SceneDelegate.swift; sourceTree = "<group>"; };
		4135B02B24110EAD004CA31F /* ViewController.swift */ = {isa = PBXFileReference; lastKnownFileType = sourcecode.swift; path = ViewController.swift; sourceTree = "<group>"; };
		4135B02E24110EAD004CA31F /* Base */ = {isa = PBXFileReference; lastKnownFileType = file.storyboard; name = Base; path = Base.lproj/Main.storyboard; sourceTree = "<group>"; };
		4135B03024110EB0004CA31F /* Assets.xcassets */ = {isa = PBXFileReference; lastKnownFileType = folder.assetcatalog; path = Assets.xcassets; sourceTree = "<group>"; };
		4135B03324110EB0004CA31F /* Base */ = {isa = PBXFileReference; lastKnownFileType = file.storyboard; name = Base; path = Base.lproj/LaunchScreen.storyboard; sourceTree = "<group>"; };
		4135B03524110EB0004CA31F /* Info.plist */ = {isa = PBXFileReference; lastKnownFileType = text.plist.xml; path = Info.plist; sourceTree = "<group>"; };
/* End PBXFileReference section */

/* Begin PBXFrameworksBuildPhase section */
		4135B02124110EAD004CA31F /* Frameworks */ = {
			isa = PBXFrameworksBuildPhase;
			buildActionMask = 2147483647;
			files = (
			);
			runOnlyForDeploymentPostprocessing = 0;
		};
/* End PBXFrameworksBuildPhase section */

/* Begin PBXGroup section */
		4135B01B24110EAD004CA31F = {
			isa = PBXGroup;
			children = (
				4135B02624110EAD004CA31F /* FlickrAssemblies */,
				4135B02524110EAD004CA31F /* Products */,
			);
			sourceTree = "<group>";
		};
		4135B02524110EAD004CA31F /* Products */ = {
			isa = PBXGroup;
			children = (
				4135B02424110EAD004CA31F /* FlickrAssemblies.app */,
			);
			name = Products;
			sourceTree = "<group>";
		};
		4135B02624110EAD004CA31F /* FlickrAssemblies */ = {
			isa = PBXGroup;
			children = (
				4135B02724110EAD004CA31F /* AppDelegate.swift */,
				4135B02924110EAD004CA31F /* SceneDelegate.swift */,
				4135B02B24110EAD004CA31F /* ViewController.swift */,
				4135B02D24110EAD004CA31F /* Main.storyboard */,
				4135B03024110EB0004CA31F /* Assets.xcassets */,
				4135B03224110EB0004CA31F /* LaunchScreen.storyboard */,
				4135B03524110EB0004CA31F /* Info.plist */,
			);
			path = FlickrAssemblies;
			sourceTree = "<group>";
		};
/* End PBXGroup section */

/* Begin PBXNativeTarget section */
		4135B02324110EAD004CA31F /* FlickrAssemblies */ = {
			isa = PBXNativeTarget;
			buildConfigurationList = 4135B03824110EB0004CA31F /* Build configuration list for PBXNativeTarget "FlickrAssemblies" */;
			buildPhases = (
				4135B02024110EAD004CA31F /* Sources */,
				4135B02124110EAD004CA31F /* Frameworks */,
				4135B02224110EAD004CA31F /* Resources */,
			);
			buildRules = (
			);
			dependencies = (
			);
			name = FlickrAssemblies;
			productName = FlickrAssemblies;
			productReference = 4135B02424110EAD004CA31F /* FlickrAssemblies.app */;
			productType = "com.apple.product-type.application";
		};
/* End PBXNativeTarget section */

/* Begin PBXProject section */
		4135B01C24110EAD004CA31F /* Project object */ = {
			isa = PBXProject;
			attributes = {
				LastSwiftUpdateCheck = 1130;
				LastUpgradeCheck = 1130;
				ORGANIZATIONNAME = "Игорь Огай";
				TargetAttributes = {
					4135B02324110EAD004CA31F = {
						CreatedOnToolsVersion = 11.3.1;
					};
				};
			};
			buildConfigurationList = 4135B01F24110EAD004CA31F /* Build configuration list for PBXProject "FlickrAssemblies" */;
			compatibilityVersion = "Xcode 9.3";
			developmentRegion = en;
			hasScannedForEncodings = 0;
			knownRegions = (
				en,
				Base,
			);
			mainGroup = 4135B01B24110EAD004CA31F;
			productRefGroup = 4135B02524110EAD004CA31F /* Products */;
			projectDirPath = "";
			projectRoot = "";
			targets = (
				4135B02324110EAD004CA31F /* FlickrAssemblies */,
			);
		};
/* End PBXProject section */

/* Begin PBXResourcesBuildPhase section */
		4135B02224110EAD004CA31F /* Resources */ = {
			isa = PBXResourcesBuildPhase;
			buildActionMask = 2147483647;
			files = (
				4135B03424110EB0004CA31F /* LaunchScreen.storyboard in Resources */,
				4135B03124110EB0004CA31F /* Assets.xcassets in Resources */,
				4135B02F24110EAD004CA31F /* Main.storyboard in Resources */,
			);
			runOnlyForDeploymentPostprocessing = 0;
		};
/* End PBXResourcesBuildPhase section */

/* Begin PBXSourcesBuildPhase section */
		4135B02024110EAD004CA31F /* Sources */ = {
			isa = PBXSourcesBuildPhase;
			buildActionMask = 2147483647;
			files = (
				4135B02C24110EAD004CA31F /* ViewController.swift in Sources */,
				4135B02824110EAD004CA31F /* AppDelegate.swift in Sources */,
				4135B02A24110EAD004CA31F /* SceneDelegate.swift in Sources */,
			);
			runOnlyForDeploymentPostprocessing = 0;
		};
/* End PBXSourcesBuildPhase section */

/* Begin PBXVariantGroup section */
		4135B02D24110EAD004CA31F /* Main.storyboard */ = {
			isa = PBXVariantGroup;
			children = (
				4135B02E24110EAD004CA31F /* Base */,
			);
			name = Main.storyboard;
			sourceTree = "<group>";
		};
		4135B03224110EB0004CA31F /* LaunchScreen.storyboard */ = {
			isa = PBXVariantGroup;
			children = (
				4135B03324110EB0004CA31F /* Base */,
			);
			name = LaunchScreen.storyboard;
			sourceTree = "<group>";
		};
/* End PBXVariantGroup section */

/* Begin XCBuildConfiguration section */
		4135B03624110EB0004CA31F /* Debug */ = {
			isa = XCBuildConfiguration;
			buildSettings = {
				ALWAYS_SEARCH_USER_PATHS = NO;
				CLANG_ANALYZER_NONNULL = YES;
				CLANG_ANALYZER_NUMBER_OBJECT_CONVERSION = YES_AGGRESSIVE;
				CLANG_CXX_LANGUAGE_STANDARD = "gnu++14";
				CLANG_CXX_LIBRARY = "libc++";
				CLANG_ENABLE_MODULES = YES;
				CLANG_ENABLE_OBJC_ARC = YES;
				CLANG_ENABLE_OBJC_WEAK = YES;
				CLANG_WARN_BLOCK_CAPTURE_AUTORELEASING = YES;
				CLANG_WARN_BOOL_CONVERSION = YES;
				CLANG_WARN_COMMA = YES;
				CLANG_WARN_CONSTANT_CONVERSION = YES;
				CLANG_WARN_DEPRECATED_OBJC_IMPLEMENTATIONS = YES;
				CLANG_WARN_DIRECT_OBJC_ISA_USAGE = YES_ERROR;
				CLANG_WARN_DOCUMENTATION_COMMENTS = YES;
				CLANG_WARN_EMPTY_BODY = YES;
				CLANG_WARN_ENUM_CONVERSION = YES;
				CLANG_WARN_INFINITE_RECURSION = YES;
				CLANG_WARN_INT_CONVERSION = YES;
				CLANG_WARN_NON_LITERAL_NULL_CONVERSION = YES;
				CLANG_WARN_OBJC_IMPLICIT_RETAIN_SELF = YES;
				CLANG_WARN_OBJC_LITERAL_CONVERSION = YES;
				CLANG_WARN_OBJC_ROOT_CLASS = YES_ERROR;
				CLANG_WARN_RANGE_LOOP_ANALYSIS = YES;
				CLANG_WARN_STRICT_PROTOTYPES = YES;
				CLANG_WARN_SUSPICIOUS_MOVE = YES;
				CLANG_WARN_UNGUARDED_AVAILABILITY = YES_AGGRESSIVE;
				CLANG_WARN_UNREACHABLE_CODE = YES;
				CLANG_WARN__DUPLICATE_METHOD_MATCH = YES;
				COPY_PHASE_STRIP = NO;
				DEBUG_INFORMATION_FORMAT = dwarf;
				ENABLE_STRICT_OBJC_MSGSEND = YES;
				ENABLE_TESTABILITY = YES;
				GCC_C_LANGUAGE_STANDARD = gnu11;
				GCC_DYNAMIC_NO_PIC = NO;
				GCC_NO_COMMON_BLOCKS = YES;
				GCC_OPTIMIZATION_LEVEL = 0;
				GCC_PREPROCESSOR_DEFINITIONS = (
					"DEBUG=1",
					"$(inherited)",
				);
				GCC_WARN_64_TO_32_BIT_CONVERSION = YES;
				GCC_WARN_ABOUT_RETURN_TYPE = YES_ERROR;
				GCC_WARN_UNDECLARED_SELECTOR = YES;
				GCC_WARN_UNINITIALIZED_AUTOS = YES_AGGRESSIVE;
				GCC_WARN_UNUSED_FUNCTION = YES;
				GCC_WARN_UNUSED_VARIABLE = YES;
				IPHONEOS_DEPLOYMENT_TARGET = 13.2;
				MTL_ENABLE_DEBUG_INFO = INCLUDE_SOURCE;
				MTL_FAST_MATH = YES;
				ONLY_ACTIVE_ARCH = YES;
				SDKROOT = iphoneos;
				SWIFT_ACTIVE_COMPILATION_CONDITIONS = DEBUG;
				SWIFT_OPTIMIZATION_LEVEL = "-Onone";
			};
			name = Debug;
		};
		4135B03724110EB0004CA31F /* Release */ = {
			isa = XCBuildConfiguration;
			buildSettings = {
				ALWAYS_SEARCH_USER_PATHS = NO;
				CLANG_ANALYZER_NONNULL = YES;
				CLANG_ANALYZER_NUMBER_OBJECT_CONVERSION = YES_AGGRESSIVE;
				CLANG_CXX_LANGUAGE_STANDARD = "gnu++14";
				CLANG_CXX_LIBRARY = "libc++";
				CLANG_ENABLE_MODULES = YES;
				CLANG_ENABLE_OBJC_ARC = YES;
				CLANG_ENABLE_OBJC_WEAK = YES;
				CLANG_WARN_BLOCK_CAPTURE_AUTORELEASING = YES;
				CLANG_WARN_BOOL_CONVERSION = YES;
				CLANG_WARN_COMMA = YES;
				CLANG_WARN_CONSTANT_CONVERSION = YES;
				CLANG_WARN_DEPRECATED_OBJC_IMPLEMENTATIONS = YES;
				CLANG_WARN_DIRECT_OBJC_ISA_USAGE = YES_ERROR;
				CLANG_WARN_DOCUMENTATION_COMMENTS = YES;
				CLANG_WARN_EMPTY_BODY = YES;
				CLANG_WARN_ENUM_CONVERSION = YES;
				CLANG_WARN_INFINITE_RECURSION = YES;
				CLANG_WARN_INT_CONVERSION = YES;
				CLANG_WARN_NON_LITERAL_NULL_CONVERSION = YES;
				CLANG_WARN_OBJC_IMPLICIT_RETAIN_SELF = YES;
				CLANG_WARN_OBJC_LITERAL_CONVERSION = YES;
				CLANG_WARN_OBJC_ROOT_CLASS = YES_ERROR;
				CLANG_WARN_RANGE_LOOP_ANALYSIS = YES;
				CLANG_WARN_STRICT_PROTOTYPES = YES;
				CLANG_WARN_SUSPICIOUS_MOVE = YES;
				CLANG_WARN_UNGUARDED_AVAILABILITY = YES_AGGRESSIVE;
				CLANG_WARN_UNREACHABLE_CODE = YES;
				CLANG_WARN__DUPLICATE_METHOD_MATCH = YES;
				COPY_PHASE_STRIP = NO;
				DEBUG_INFORMATION_FORMAT = "dwarf-with-dsym";
				ENABLE_NS_ASSERTIONS = NO;
				ENABLE_STRICT_OBJC_MSGSEND = YES;
				GCC_C_LANGUAGE_STANDARD = gnu11;
				GCC_NO_COMMON_BLOCKS = YES;
				GCC_WARN_64_TO_32_BIT_CONVERSION = YES;
				GCC_WARN_ABOUT_RETURN_TYPE = YES_ERROR;
				GCC_WARN_UNDECLARED_SELECTOR = YES;
				GCC_WARN_UNINITIALIZED_AUTOS = YES_AGGRESSIVE;
				GCC_WARN_UNUSED_FUNCTION = YES;
				GCC_WARN_UNUSED_VARIABLE = YES;
				IPHONEOS_DEPLOYMENT_TARGET = 13.2;
				MTL_ENABLE_DEBUG_INFO = NO;
				MTL_FAST_MATH = YES;
				SDKROOT = iphoneos;
				SWIFT_COMPILATION_MODE = wholemodule;
				SWIFT_OPTIMIZATION_LEVEL = "-O";
				VALIDATE_PRODUCT = YES;
			};
			name = Release;
		};
		4135B03924110EB0004CA31F /* Debug */ = {
			isa = XCBuildConfiguration;
			buildSettings = {
				ASSETCATALOG_COMPILER_APPICON_NAME = AppIcon;
				CODE_SIGN_STYLE = Automatic;
				DEVELOPMENT_TEAM = R82428TV8S;
				INFOPLIST_FILE = FlickrAssemblies/Info.plist;
				LD_RUNPATH_SEARCH_PATHS = (
					"$(inherited)",
					"@executable_path/Frameworks",
				);
				PRODUCT_BUNDLE_IDENTIFIER = igor.oh.FlickrAssemblies;
				PRODUCT_NAME = "$(TARGET_NAME)";
				SWIFT_VERSION = 5.0;
				TARGETED_DEVICE_FAMILY = "1,2";
			};
			name = Debug;
		};
		4135B03A24110EB0004CA31F /* Release */ = {
			isa = XCBuildConfiguration;
			buildSettings = {
				ASSETCATALOG_COMPILER_APPICON_NAME = AppIcon;
				CODE_SIGN_STYLE = Automatic;
				DEVELOPMENT_TEAM = R82428TV8S;
				INFOPLIST_FILE = FlickrAssemblies/Info.plist;
				LD_RUNPATH_SEARCH_PATHS = (
					"$(inherited)",
					"@executable_path/Frameworks",
				);
				PRODUCT_BUNDLE_IDENTIFIER = igor.oh.FlickrAssemblies;
				PRODUCT_NAME = "$(TARGET_NAME)";
				SWIFT_VERSION = 5.0;
				TARGETED_DEVICE_FAMILY = "1,2";
			};
			name = Release;
		};
/* End XCBuildConfiguration section */

/* Begin XCConfigurationList section */
		4135B01F24110EAD004CA31F /* Build configuration list for PBXProject "FlickrAssemblies" */ = {
			isa = XCConfigurationList;
			buildConfigurations = (
				4135B03624110EB0004CA31F /* Debug */,
				4135B03724110EB0004CA31F /* Release */,
			);
			defaultConfigurationIsVisible = 0;
			defaultConfigurationName = Release;
		};
		4135B03824110EB0004CA31F /* Build configuration list for PBXNativeTarget "FlickrAssemblies" */ = {
			isa = XCConfigurationList;
			buildConfigurations = (
				4135B03924110EB0004CA31F /* Debug */,
				4135B03A24110EB0004CA31F /* Release */,
			);
			defaultConfigurationIsVisible = 0;
			defaultConfigurationName = Release;
		};
/* End XCConfigurationList section */
	};
	rootObject = 4135B01C24110EAD004CA31F /* Project object */;
}
